{
  "requires": true,
  "lockfileVersion": 1,
  "dependencies": {
    "timers": {
      "version": "0.1.1",
      "resolved": "https://registry.npmjs.org/timers/-/timers-0.1.1.tgz",
      "integrity": "sha512-pkJC8uIP/gxDHxNQUBUbjHyl6oZfT+ofn7tbaHW+CFIUjI+Q2MBbHcx1JSBQfhDaTcO9bNg328q0i7Vk5PismQ=="
    }
  }
}
